
Microsoft Visual Studio Solution File, Format Version 12.00
# Visual Studio Version 17
VisualStudioVersion = 17.2.32630.192
MinimumVisualStudioVersion = 10.0.40219.1
Project("{FAE04EC0-301F-11D3-BF4B-00C04F79EFBC}") = "Pizza", "Pizza\Pizza.csproj", "{0BA101E4-E480-406E-A172-EAD5B6078EFD}"
EndProject
Global
	GlobalSection(SolutionConfigurationPlatforms) = preSolution
		Debug|Any CPU = Debug|Any CPU
		Release|Any CPU = Release|Any CPU
	EndGlobalSection
	GlobalSection(ProjectConfigurationPlatforms) = postSolution
		{0BA101E4-E480-406E-A172-EAD5B6078EFD}.Debug|Any CPU.ActiveCfg = Debug|Any CPU
		{0BA101E4-E480-406E-A172-EAD5B6078EFD}.Debug|Any CPU.Build.0 = Debug|Any CPU
		{0BA101E4-E480-406E-A172-EAD5B6078EFD}.Release|Any CPU.ActiveCfg = Release|Any CPU
		{0BA101E4-E480-406E-A172-EAD5B6078EFD}.Release|Any CPU.Build.0 = Release|Any CPU
	EndGlobalSection
	GlobalSection(SolutionProperties) = preSolution
		HideSolutionNode = FALSE
	EndGlobalSection
	GlobalSection(ExtensibilityGlobals) = postSolution
		SolutionGuid = {B5B31DE3-D658-48BC-B25A-B867BFEC0DE8}
	EndGlobalSection
EndGlobal
